
Microsoft Visual Studio Solution File, Format Version 12.00
# Visual Studio Version 17
VisualStudioVersion = 17.5.33627.172
MinimumVisualStudioVersion = 10.0.40219.1
Project("{9A19103F-16F7-4668-BE54-9A1E7A4F7556}") = "fdoge_AdCampaigns", "fdoge_AdCampaigns\fdoge_AdCampaigns.csproj", "{C65C14BD-0EF1-4123-8D1B-304EDEE06B97}"
EndProject
Global
	GlobalSection(SolutionConfigurationPlatforms) = preSolution
		Debug|Any CPU = Debug|Any CPU
		Release|Any CPU = Release|Any CPU
	EndGlobalSection
	GlobalSection(ProjectConfigurationPlatforms) = postSolution
		{C65C14BD-0EF1-4123-8D1B-304EDEE06B97}.Debug|Any CPU.ActiveCfg = Debug|Any CPU
		{C65C14BD-0EF1-4123-8D1B-304EDEE06B97}.Debug|Any CPU.Build.0 = Debug|Any CPU
		{C65C14BD-0EF1-4123-8D1B-304EDEE06B97}.Release|Any CPU.ActiveCfg = Release|Any CPU
		{C65C14BD-0EF1-4123-8D1B-304EDEE06B97}.Release|Any CPU.Build.0 = Release|Any CPU
	EndGlobalSection
	GlobalSection(SolutionProperties) = preSolution
		HideSolutionNode = FALSE
	EndGlobalSection
	GlobalSection(ExtensibilityGlobals) = postSolution
		SolutionGuid = {48123009-494F-4E0B-BB9E-B4FC8D904F81}
	EndGlobalSection
EndGlobal
